
Microsoft Visual Studio Solution File, Format Version 12.00
# Visual Studio Version 16
VisualStudioVersion = 16.0.31005.135
MinimumVisualStudioVersion = 10.0.40219.1
Project("{FAE04EC0-301F-11D3-BF4B-00C04F79EFBC}") = "VideoGamesWebAPIProject", "VideoGamesWebAPIProject\VideoGamesWebAPIProject.csproj", "{9707084E-3338-425F-981F-B51C27E6CA63}"
EndProject
Global
	GlobalSection(SolutionConfigurationPlatforms) = preSolution
		Debug|Any CPU = Debug|Any CPU
		Release|Any CPU = Release|Any CPU
	EndGlobalSection
	GlobalSection(ProjectConfigurationPlatforms) = postSolution
		{9707084E-3338-425F-981F-B51C27E6CA63}.Debug|Any CPU.ActiveCfg = Debug|Any CPU
		{9707084E-3338-425F-981F-B51C27E6CA63}.Debug|Any CPU.Build.0 = Debug|Any CPU
		{9707084E-3338-425F-981F-B51C27E6CA63}.Release|Any CPU.ActiveCfg = Release|Any CPU
		{9707084E-3338-425F-981F-B51C27E6CA63}.Release|Any CPU.Build.0 = Release|Any CPU
	EndGlobalSection
	GlobalSection(SolutionProperties) = preSolution
		HideSolutionNode = FALSE
	EndGlobalSection
	GlobalSection(ExtensibilityGlobals) = postSolution
		SolutionGuid = {D6E9BE33-318B-4CA7-82F7-7E3BB9BD2EDC}
	EndGlobalSection
EndGlobal
